// !$*UTF8*$!
{
	archiveVersion = 1;
	classes = {
	};
	objectVersion = 46;
	objects = {

/* Begin PBXBuildFile section */
		767C9C9515CE278800AA87B4 /* DetailFeedViewController.m in Sources */ = {isa = PBXBuildFile; fileRef = 767C9C9415CE278800AA87B4 /* DetailFeedViewController.m */; };
		7690DF7715D9FA64006E7831 /* CommentsViewController.m in Sources */ = {isa = PBXBuildFile; fileRef = 7690DF7615D9FA64006E7831 /* CommentsViewController.m */; };
		769337AE15CA27E1006B0947 /* JFUrlUtil.m in Sources */ = {isa = PBXBuildFile; fileRef = 769337AD15CA27E1006B0947 /* JFUrlUtil.m */; };
		76D9037F15BF8A90000FDAFB /* UIKit.framework in Frameworks */ = {isa = PBXBuildFile; fileRef = 76D9037E15BF8A90000FDAFB /* UIKit.framework */; };
		76D9038115BF8A90000FDAFB /* Foundation.framework in Frameworks */ = {isa = PBXBuildFile; fileRef = 76D9038015BF8A90000FDAFB /* Foundation.framework */; };
		76D9038315BF8A90000FDAFB /* CoreGraphics.framework in Frameworks */ = {isa = PBXBuildFile; fileRef = 76D9038215BF8A90000FDAFB /* CoreGraphics.framework */; };
		76D9038915BF8A90000FDAFB /* InfoPlist.strings in Resources */ = {isa = PBXBuildFile; fileRef = 76D9038715BF8A90000FDAFB /* InfoPlist.strings */; };
		76D9038B15BF8A90000FDAFB /* main.m in Sources */ = {isa = PBXBuildFile; fileRef = 76D9038A15BF8A90000FDAFB /* main.m */; };
		76D9038F15BF8A90000FDAFB /* AppDelegate.m in Sources */ = {isa = PBXBuildFile; fileRef = 76D9038E15BF8A90000FDAFB /* AppDelegate.m */; };
		76D9039215BF8A90000FDAFB /* MainStoryboard_iPhone.storyboard in Resources */ = {isa = PBXBuildFile; fileRef = 76D9039015BF8A90000FDAFB /* MainStoryboard_iPhone.storyboard */; };
		76D9039515BF8A90000FDAFB /* MainStoryboard_iPad.storyboard in Resources */ = {isa = PBXBuildFile; fileRef = 76D9039315BF8A90000FDAFB /* MainStoryboard_iPad.storyboard */; };
		76D9039815BF8A90000FDAFB /* FeedViewController.m in Sources */ = {isa = PBXBuildFile; fileRef = 76D9039715BF8A90000FDAFB /* FeedViewController.m */; };
		76D9039A15BF8A90000FDAFB /* first.png in Resources */ = {isa = PBXBuildFile; fileRef = 76D9039915BF8A90000FDAFB /* first.png */; };
		76D9039C15BF8A90000FDAFB /* first@2x.png in Resources */ = {isa = PBXBuildFile; fileRef = 76D9039B15BF8A90000FDAFB /* first@2x.png */; };
		76D9039F15BF8A90000FDAFB /* SettingsViewController.m in Sources */ = {isa = PBXBuildFile; fileRef = 76D9039E15BF8A90000FDAFB /* SettingsViewController.m */; };
		76D903A115BF8A90000FDAFB /* second.png in Resources */ = {isa = PBXBuildFile; fileRef = 76D903A015BF8A90000FDAFB /* second.png */; };
		76D903A315BF8A90000FDAFB /* second@2x.png in Resources */ = {isa = PBXBuildFile; fileRef = 76D903A215BF8A90000FDAFB /* second@2x.png */; };
		76D903AB15BF8E61000FDAFB /* HelpViewController.m in Sources */ = {isa = PBXBuildFile; fileRef = 76D903AA15BF8E61000FDAFB /* HelpViewController.m */; };
		76D903B615BF8F6B000FDAFB /* baby-blue-solid.jpg in Resources */ = {isa = PBXBuildFile; fileRef = 76D903AD15BF8F6B000FDAFB /* baby-blue-solid.jpg */; };
		76D903B715BF8F6B000FDAFB /* blackwallpaper.jpeg in Resources */ = {isa = PBXBuildFile; fileRef = 76D903AE15BF8F6B000FDAFB /* blackwallpaper.jpeg */; };
		76D903B915BF8F6B000FDAFB /* GradientFill.png in Resources */ = {isa = PBXBuildFile; fileRef = 76D903B015BF8F6B000FDAFB /* GradientFill.png */; };
		76D903BA15BF8F6B000FDAFB /* lake.jpg in Resources */ = {isa = PBXBuildFile; fileRef = 76D903B115BF8F6B000FDAFB /* lake.jpg */; };
		76D903BB15BF8F6B000FDAFB /* MovieTransportBackground.png in Resources */ = {isa = PBXBuildFile; fileRef = 76D903B215BF8F6B000FDAFB /* MovieTransportBackground.png */; };
		76D903BC15BF8F6B000FDAFB /* raindrops.jpg in Resources */ = {isa = PBXBuildFile; fileRef = 76D903B315BF8F6B000FDAFB /* raindrops.jpg */; };
		76D903BD15BF8F6B000FDAFB /* redgradient.jpg in Resources */ = {isa = PBXBuildFile; fileRef = 76D903B415BF8F6B000FDAFB /* redgradient.jpg */; };
		76D903BE15BF8F6B000FDAFB /* UITableSelection.png in Resources */ = {isa = PBXBuildFile; fileRef = 76D903B515BF8F6B000FDAFB /* UITableSelection.png */; };
		76D903C115BF902C000FDAFB /* 001_20.png in Resources */ = {isa = PBXBuildFile; fileRef = 76D903C015BF902C000FDAFB /* 001_20.png */; };
		76D903C515BF9167000FDAFB /* 001_04.png in Resources */ = {isa = PBXBuildFile; fileRef = 76D903C215BF9167000FDAFB /* 001_04.png */; };
		76D903C615BF9167000FDAFB /* 20-gear2.png in Resources */ = {isa = PBXBuildFile; fileRef = 76D903C315BF9167000FDAFB /* 20-gear2.png */; };
		76D903C715BF9167000FDAFB /* 90-life-buoy.png in Resources */ = {isa = PBXBuildFile; fileRef = 76D903C415BF9167000FDAFB /* 90-life-buoy.png */; };
		76D903C915BF91D2000FDAFB /* 53-house.png in Resources */ = {isa = PBXBuildFile; fileRef = 76D903C815BF91D2000FDAFB /* 53-house.png */; };
		8820720815C08EC10090075C /* AccountViewController.m in Sources */ = {isa = PBXBuildFile; fileRef = 8820720715C08EC10090075C /* AccountViewController.m */; };
		884B149615DAFBD90030A2ED /* CommentItems.m in Sources */ = {isa = PBXBuildFile; fileRef = 884B149515DAFBD90030A2ED /* CommentItems.m */; };
		884B14F515E572960030A2ED /* ServerRestUrl.m in Sources */ = {isa = PBXBuildFile; fileRef = 884B14F415E572960030A2ED /* ServerRestUrl.m */; };
		885167D515C1D30300AC91F3 /* birdwatching.png in Resources */ = {isa = PBXBuildFile; fileRef = 885167CE15C1D30300AC91F3 /* birdwatching.png */; };
		885167D615C1D30300AC91F3 /* default.png in Resources */ = {isa = PBXBuildFile; fileRef = 885167CF15C1D30300AC91F3 /* default.png */; };
		885167D715C1D30300AC91F3 /* default512.png in Resources */ = {isa = PBXBuildFile; fileRef = 885167D015C1D30300AC91F3 /* default512.png */; };
		885167D815C1D30300AC91F3 /* Icon-72.png in Resources */ = {isa = PBXBuildFile; fileRef = 885167D115C1D30300AC91F3 /* Icon-72.png */; };
		885167D915C1D30300AC91F3 /* Icon-Small@2x.png in Resources */ = {isa = PBXBuildFile; fileRef = 885167D215C1D30300AC91F3 /* Icon-Small@2x.png */; };
		885167DA15C1D30300AC91F3 /* Icon.png in Resources */ = {isa = PBXBuildFile; fileRef = 885167D315C1D30300AC91F3 /* Icon.png */; };
		885167DB15C1D30300AC91F3 /* Icon@2x.png in Resources */ = {isa = PBXBuildFile; fileRef = 885167D415C1D30300AC91F3 /* Icon@2x.png */; };
		885167E015C1DF4500AC91F3 /* camera-icon-md.png in Resources */ = {isa = PBXBuildFile; fileRef = 885167DF15C1DF4500AC91F3 /* camera-icon-md.png */; };
		885167E315C1E28300AC91F3 /* TakePictureViewController.m in Sources */ = {isa = PBXBuildFile; fileRef = 885167E215C1E28300AC91F3 /* TakePictureViewController.m */; };
		885167E515C1E6E600AC91F3 /* 86-camera.png in Resources */ = {isa = PBXBuildFile; fileRef = 885167E415C1E6E600AC91F3 /* 86-camera.png */; };
		885167E815C1ED9900AC91F3 /* SelectPictureViewController.m in Sources */ = {isa = PBXBuildFile; fileRef = 885167E715C1ED9900AC91F3 /* SelectPictureViewController.m */; };
		885167F115C3304900AC91F3 /* UtilsClass.m in Sources */ = {isa = PBXBuildFile; fileRef = 885167F015C3304900AC91F3 /* UtilsClass.m */; };
		885167F415C3470B00AC91F3 /* ShareViewController.m in Sources */ = {isa = PBXBuildFile; fileRef = 885167F315C3470B00AC91F3 /* ShareViewController.m */; };
		8856626B15CB1A130085AC32 /* CDataScanner.m in Sources */ = {isa = PBXBuildFile; fileRef = 8856625715CB1A130085AC32 /* CDataScanner.m */; };
		8856626C15CB1A130085AC32 /* CJSONDeserializer.m in Sources */ = {isa = PBXBuildFile; fileRef = 8856625915CB1A130085AC32 /* CJSONDeserializer.m */; };
		8856626D15CB1A130085AC32 /* CJSONScanner.m in Sources */ = {isa = PBXBuildFile; fileRef = 8856625B15CB1A130085AC32 /* CJSONScanner.m */; };
		8856626E15CB1A130085AC32 /* CJSONSerializer.m in Sources */ = {isa = PBXBuildFile; fileRef = 8856625D15CB1A130085AC32 /* CJSONSerializer.m */; };
		8856626F15CB1A130085AC32 /* CFilteringJSONSerializer.m in Sources */ = {isa = PBXBuildFile; fileRef = 8856626015CB1A130085AC32 /* CFilteringJSONSerializer.m */; };
		8856627015CB1A130085AC32 /* CJSONSerialization.m in Sources */ = {isa = PBXBuildFile; fileRef = 8856626215CB1A130085AC32 /* CJSONSerialization.m */; };
		8856627115CB1A130085AC32 /* CJSONSerializedData.m in Sources */ = {isa = PBXBuildFile; fileRef = 8856626415CB1A130085AC32 /* CJSONSerializedData.m */; };
		8856627215CB1A130085AC32 /* CDataScanner_Extensions.m in Sources */ = {isa = PBXBuildFile; fileRef = 8856626715CB1A130085AC32 /* CDataScanner_Extensions.m */; };
		8856627315CB1A130085AC32 /* NSDictionary_JSONExtensions.m in Sources */ = {isa = PBXBuildFile; fileRef = 8856626915CB1A130085AC32 /* NSDictionary_JSONExtensions.m */; };
		8856627715CB1DAF0085AC32 /* FeedItems.m in Sources */ = {isa = PBXBuildFile; fileRef = 8856627615CB1DAF0085AC32 /* FeedItems.m */; };
		8856627C15CC65790085AC32 /* 09-chat-2.png in Resources */ = {isa = PBXBuildFile; fileRef = 8856627B15CC65790085AC32 /* 09-chat-2.png */; };
		885662CE15D190090085AC32 /* AddCommentViewController.m in Sources */ = {isa = PBXBuildFile; fileRef = 885662CD15D190090085AC32 /* AddCommentViewController.m */; };
		8887987715D439E90016D3B3 /* SVStatusHUD.m in Sources */ = {isa = PBXBuildFile; fileRef = 8887987615D439E90016D3B3 /* SVStatusHUD.m */; };
		8887987F15D4C4460016D3B3 /* Reachability.m in Sources */ = {isa = PBXBuildFile; fileRef = 8887987E15D4C4460016D3B3 /* Reachability.m */; };
		8887988115D4C5210016D3B3 /* CFNetwork.framework in Frameworks */ = {isa = PBXBuildFile; fileRef = 8887988015D4C5210016D3B3 /* CFNetwork.framework */; };
		8887988315D4C54C0016D3B3 /* SystemConfiguration.framework in Frameworks */ = {isa = PBXBuildFile; fileRef = 8887988215D4C54C0016D3B3 /* SystemConfiguration.framework */; };
		8887988615D4D0720016D3B3 /* 41-picture-frame.png in Resources */ = {isa = PBXBuildFile; fileRef = 8887988415D4D0720016D3B3 /* 41-picture-frame.png */; };
		8887988715D4D0720016D3B3 /* 179-notepad.png in Resources */ = {isa = PBXBuildFile; fileRef = 8887988515D4D0720016D3B3 /* 179-notepad.png */; };
		888C7B7D15C1BAF600A78E87 /* ODRefreshControl.m in Sources */ = {isa = PBXBuildFile; fileRef = 888C7B7C15C1BAF600A78E87 /* ODRefreshControl.m */; };
		888C7B7F15C1BB2200A78E87 /* QuartzCore.framework in Frameworks */ = {isa = PBXBuildFile; fileRef = 888C7B7E15C1BB2200A78E87 /* QuartzCore.framework */; };
		888D4BAA15C86EFD00F0C3EF /* libTMQuiltView.a in Frameworks */ = {isa = PBXBuildFile; fileRef = 888D4BA715C86E3400F0C3EF /* libTMQuiltView.a */; };
		888D4BAF15C872EF00F0C3EF /* TMPhotoQuiltViewCell.m in Sources */ = {isa = PBXBuildFile; fileRef = 888D4BAE15C872EF00F0C3EF /* TMPhotoQuiltViewCell.m */; };
/* End PBXBuildFile section */

/* Begin PBXContainerItemProxy section */
		888D4BA615C86E3400F0C3EF /* PBXContainerItemProxy */ = {
			isa = PBXContainerItemProxy;
			containerPortal = 888D4B9D15C86E3300F0C3EF /* TMQuiltView.xcodeproj */;
			proxyType = 2;
			remoteGlobalIDString = 15F3E22215B9DC6900218C9C;
			remoteInfo = TMQuiltView;
		};
		888D4BA815C86E3400F0C3EF /* PBXContainerItemProxy */ = {
			isa = PBXContainerItemProxy;
			containerPortal = 888D4B9D15C86E3300F0C3EF /* TMQuiltView.xcodeproj */;
			proxyType = 2;
			remoteGlobalIDString = 15E459FD15C071310031094D;
			remoteInfo = TMQuiltViewTests;
		};
/* End PBXContainerItemProxy section */

/* Begin PBXFileReference section */
		767C9C9315CE278800AA87B4 /* DetailFeedViewController.h */ = {isa = PBXFileReference; fileEncoding = 4; lastKnownFileType = sourcecode.c.h; path = DetailFeedViewController.h; sourceTree = "<group>"; };
		767C9C9415CE278800AA87B4 /* DetailFeedViewController.m */ = {isa = PBXFileReference; fileEncoding = 4; lastKnownFileType = sourcecode.c.objc; path = DetailFeedViewController.m; sourceTree = "<group>"; };
		7690DF7515D9FA64006E7831 /* CommentsViewController.h */ = {isa = PBXFileReference; fileEncoding = 4; lastKnownFileType = sourcecode.c.h; path = CommentsViewController.h; sourceTree = "<group>"; };
		7690DF7615D9FA64006E7831 /* CommentsViewController.m */ = {isa = PBXFileReference; fileEncoding = 4; lastKnownFileType = sourcecode.c.objc; path = CommentsViewController.m; sourceTree = "<group>"; };
		769337AC15CA27E1006B0947 /* JFUrlUtil.h */ = {isa = PBXFileReference; fileEncoding = 4; lastKnownFileType = sourcecode.c.h; name = JFUrlUtil.h; path = Utils/JFUrlUtil.h; sourceTree = "<group>"; };
		769337AD15CA27E1006B0947 /* JFUrlUtil.m */ = {isa = PBXFileReference; fileEncoding = 4; lastKnownFileType = sourcecode.c.objc; name = JFUrlUtil.m; path = Utils/JFUrlUtil.m; sourceTree = "<group>"; };
		76D9037A15BF8A90000FDAFB /* CollectorSocialNetwork.app */ = {isa = PBXFileReference; explicitFileType = wrapper.application; includeInIndex = 0; path = CollectorSocialNetwork.app; sourceTree = BUILT_PRODUCTS_DIR; };
		76D9037E15BF8A90000FDAFB /* UIKit.framework */ = {isa = PBXFileReference; lastKnownFileType = wrapper.framework; name = UIKit.framework; path = System/Library/Frameworks/UIKit.framework; sourceTree = SDKROOT; };
		76D9038015BF8A90000FDAFB /* Foundation.framework */ = {isa = PBXFileReference; lastKnownFileType = wrapper.framework; name = Foundation.framework; path = System/Library/Frameworks/Foundation.framework; sourceTree = SDKROOT; };
		76D9038215BF8A90000FDAFB /* CoreGraphics.framework */ = {isa = PBXFileReference; lastKnownFileType = wrapper.framework; name = CoreGraphics.framework; path = System/Library/Frameworks/CoreGraphics.framework; sourceTree = SDKROOT; };
		76D9038615BF8A90000FDAFB /* CollectorSocialNetwork-Info.plist */ = {isa = PBXFileReference; lastKnownFileType = text.plist.xml; path = "CollectorSocialNetwork-Info.plist"; sourceTree = "<group>"; };
		76D9038815BF8A90000FDAFB /* en */ = {isa = PBXFileReference; lastKnownFileType = text.plist.strings; name = en; path = en.lproj/InfoPlist.strings; sourceTree = "<group>"; };
		76D9038A15BF8A90000FDAFB /* main.m */ = {isa = PBXFileReference; lastKnownFileType = sourcecode.c.objc; path = main.m; sourceTree = "<group>"; };
		76D9038C15BF8A90000FDAFB /* CollectorSocialNetwork-Prefix.pch */ = {isa = PBXFileReference; lastKnownFileType = sourcecode.c.h; path = "CollectorSocialNetwork-Prefix.pch"; sourceTree = "<group>"; };
		76D9038D15BF8A90000FDAFB /* AppDelegate.h */ = {isa = PBXFileReference; lastKnownFileType = sourcecode.c.h; path = AppDelegate.h; sourceTree = "<group>"; };
		76D9038E15BF8A90000FDAFB /* AppDelegate.m */ = {isa = PBXFileReference; lastKnownFileType = sourcecode.c.objc; path = AppDelegate.m; sourceTree = "<group>"; };
		76D9039115BF8A90000FDAFB /* en */ = {isa = PBXFileReference; lastKnownFileType = file.storyboard; name = en; path = en.lproj/MainStoryboard_iPhone.storyboard; sourceTree = "<group>"; };
		76D9039415BF8A90000FDAFB /* en */ = {isa = PBXFileReference; lastKnownFileType = file.storyboard; name = en; path = en.lproj/MainStoryboard_iPad.storyboard; sourceTree = "<group>"; };
		76D9039615BF8A90000FDAFB /* FeedViewController.h */ = {isa = PBXFileReference; lastKnownFileType = sourcecode.c.h; path = FeedViewController.h; sourceTree = "<group>"; };
		76D9039715BF8A90000FDAFB /* FeedViewController.m */ = {isa = PBXFileReference; lastKnownFileType = sourcecode.c.objc; path = FeedViewController.m; sourceTree = "<group>"; };
		76D9039915BF8A90000FDAFB /* first.png */ = {isa = PBXFileReference; lastKnownFileType = image.png; path = first.png; sourceTree = "<group>"; };
		76D9039B15BF8A90000FDAFB /* first@2x.png */ = {isa = PBXFileReference; lastKnownFileType = image.png; path = "first@2x.png"; sourceTree = "<group>"; };
		76D9039D15BF8A90000FDAFB /* SettingsViewController.h */ = {isa = PBXFileReference; lastKnownFileType = sourcecode.c.h; path = SettingsViewController.h; sourceTree = "<group>"; };
		76D9039E15BF8A90000FDAFB /* SettingsViewController.m */ = {isa = PBXFileReference; lastKnownFileType = sourcecode.c.objc; path = SettingsViewController.m; sourceTree = "<group>"; };
		76D903A015BF8A90000FDAFB /* second.png */ = {isa = PBXFileReference; lastKnownFileType = image.png; path = second.png; sourceTree = "<group>"; };
		76D903A215BF8A90000FDAFB /* second@2x.png */ = {isa = PBXFileReference; lastKnownFileType = image.png; path = "second@2x.png"; sourceTree = "<group>"; };
		76D903A915BF8E61000FDAFB /* HelpViewController.h */ = {isa = PBXFileReference; fileEncoding = 4; lastKnownFileType = sourcecode.c.h; path = HelpViewController.h; sourceTree = "<group>"; };
		76D903AA15BF8E61000FDAFB /* HelpViewController.m */ = {isa = PBXFileReference; fileEncoding = 4; lastKnownFileType = sourcecode.c.objc; path = HelpViewController.m; sourceTree = "<group>"; };
		76D903AD15BF8F6B000FDAFB /* baby-blue-solid.jpg */ = {isa = PBXFileReference; lastKnownFileType = image.jpeg; path = "baby-blue-solid.jpg"; sourceTree = "<group>"; };
		76D903AE15BF8F6B000FDAFB /* blackwallpaper.jpeg */ = {isa = PBXFileReference; lastKnownFileType = image.jpeg; path = blackwallpaper.jpeg; sourceTree = "<group>"; };
		76D903B015BF8F6B000FDAFB /* GradientFill.png */ = {isa = PBXFileReference; lastKnownFileType = image.png; path = GradientFill.png; sourceTree = "<group>"; };
		76D903B115BF8F6B000FDAFB /* lake.jpg */ = {isa = PBXFileReference; lastKnownFileType = image.jpeg; path = lake.jpg; sourceTree = "<group>"; };
		76D903B215BF8F6B000FDAFB /* MovieTransportBackground.png */ = {isa = PBXFileReference; lastKnownFileType = image.png; path = MovieTransportBackground.png; sourceTree = "<group>"; };
		76D903B315BF8F6B000FDAFB /* raindrops.jpg */ = {isa = PBXFileReference; lastKnownFileType = image.jpeg; path = raindrops.jpg; sourceTree = "<group>"; };
		76D903B415BF8F6B000FDAFB /* redgradient.jpg */ = {isa = PBXFileReference; lastKnownFileType = image.jpeg; path = redgradient.jpg; sourceTree = "<group>"; };
		76D903B515BF8F6B000FDAFB /* UITableSelection.png */ = {isa = PBXFileReference; lastKnownFileType = image.png; path = UITableSelection.png; sourceTree = "<group>"; };
		76D903C015BF902C000FDAFB /* 001_20.png */ = {isa = PBXFileReference; lastKnownFileType = image.png; path = 001_20.png; sourceTree = "<group>"; };
		76D903C215BF9167000FDAFB /* 001_04.png */ = {isa = PBXFileReference; lastKnownFileType = image.png; path = 001_04.png; sourceTree = "<group>"; };
		76D903C315BF9167000FDAFB /* 20-gear2.png */ = {isa = PBXFileReference; lastKnownFileType = image.png; path = "20-gear2.png"; sourceTree = "<group>"; };
		76D903C415BF9167000FDAFB /* 90-life-buoy.png */ = {isa = PBXFileReference; lastKnownFileType = image.png; path = "90-life-buoy.png"; sourceTree = "<group>"; };
		76D903C815BF91D2000FDAFB /* 53-house.png */ = {isa = PBXFileReference; lastKnownFileType = image.png; path = "53-house.png"; sourceTree = "<group>"; };
		8820720615C08EC10090075C /* AccountViewController.h */ = {isa = PBXFileReference; fileEncoding = 4; lastKnownFileType = sourcecode.c.h; path = AccountViewController.h; sourceTree = "<group>"; };
		8820720715C08EC10090075C /* AccountViewController.m */ = {isa = PBXFileReference; fileEncoding = 4; lastKnownFileType = sourcecode.c.objc; path = AccountViewController.m; sourceTree = "<group>"; };
		884B149415DAFBD90030A2ED /* CommentItems.h */ = {isa = PBXFileReference; fileEncoding = 4; lastKnownFileType = sourcecode.c.h; path = CommentItems.h; sourceTree = "<group>"; };
		884B149515DAFBD90030A2ED /* CommentItems.m */ = {isa = PBXFileReference; fileEncoding = 4; lastKnownFileType = sourcecode.c.objc; path = CommentItems.m; sourceTree = "<group>"; };
		884B14F315E572960030A2ED /* ServerRestUrl.h */ = {isa = PBXFileReference; fileEncoding = 4; lastKnownFileType = sourcecode.c.h; path = ServerRestUrl.h; sourceTree = "<group>"; };
		884B14F415E572960030A2ED /* ServerRestUrl.m */ = {isa = PBXFileReference; fileEncoding = 4; lastKnownFileType = sourcecode.c.objc; path = ServerRestUrl.m; sourceTree = "<group>"; };
		885167CE15C1D30300AC91F3 /* birdwatching.png */ = {isa = PBXFileReference; lastKnownFileType = image.png; path = birdwatching.png; sourceTree = "<group>"; };
		885167CF15C1D30300AC91F3 /* default.png */ = {isa = PBXFileReference; lastKnownFileType = image.png; path = default.png; sourceTree = "<group>"; };
		885167D015C1D30300AC91F3 /* default512.png */ = {isa = PBXFileReference; lastKnownFileType = image.png; path = default512.png; sourceTree = "<group>"; };
		885167D115C1D30300AC91F3 /* Icon-72.png */ = {isa = PBXFileReference; lastKnownFileType = image.png; path = "Icon-72.png"; sourceTree = "<group>"; };
		885167D215C1D30300AC91F3 /* Icon-Small@2x.png */ = {isa = PBXFileReference; lastKnownFileType = image.png; path = "Icon-Small@2x.png"; sourceTree = "<group>"; };
		885167D315C1D30300AC91F3 /* Icon.png */ = {isa = PBXFileReference; lastKnownFileType = image.png; path = Icon.png; sourceTree = "<group>"; };
		885167D415C1D30300AC91F3 /* Icon@2x.png */ = {isa = PBXFileReference; lastKnownFileType = image.png; path = "Icon@2x.png"; sourceTree = "<group>"; };
		885167DF15C1DF4500AC91F3 /* camera-icon-md.png */ = {isa = PBXFileReference; lastKnownFileType = image.png; path = "camera-icon-md.png"; sourceTree = "<group>"; };
		885167E115C1E28300AC91F3 /* TakePictureViewController.h */ = {isa = PBXFileReference; fileEncoding = 4; lastKnownFileType = sourcecode.c.h; path = TakePictureViewController.h; sourceTree = "<group>"; };
		885167E215C1E28300AC91F3 /* TakePictureViewController.m */ = {isa = PBXFileReference; fileEncoding = 4; lastKnownFileType = sourcecode.c.objc; path = TakePictureViewController.m; sourceTree = "<group>"; };
		885167E415C1E6E600AC91F3 /* 86-camera.png */ = {isa = PBXFileReference; lastKnownFileType = image.png; path = "86-camera.png"; sourceTree = "<group>"; };
		885167E615C1ED9900AC91F3 /* SelectPictureViewController.h */ = {isa = PBXFileReference; fileEncoding = 4; lastKnownFileType = sourcecode.c.h; path = SelectPictureViewController.h; sourceTree = "<group>"; };
		885167E715C1ED9900AC91F3 /* SelectPictureViewController.m */ = {isa = PBXFileReference; fileEncoding = 4; lastKnownFileType = sourcecode.c.objc; path = SelectPictureViewController.m; sourceTree = "<group>"; };
		885167EF15C3304900AC91F3 /* UtilsClass.h */ = {isa = PBXFileReference; fileEncoding = 4; lastKnownFileType = sourcecode.c.h; path = UtilsClass.h; sourceTree = "<group>"; };
		885167F015C3304900AC91F3 /* UtilsClass.m */ = {isa = PBXFileReference; fileEncoding = 4; lastKnownFileType = sourcecode.c.objc; path = UtilsClass.m; sourceTree = "<group>"; };
		885167F215C3470B00AC91F3 /* ShareViewController.h */ = {isa = PBXFileReference; fileEncoding = 4; lastKnownFileType = sourcecode.c.h; path = ShareViewController.h; sourceTree = "<group>"; };
		885167F315C3470B00AC91F3 /* ShareViewController.m */ = {isa = PBXFileReference; fileEncoding = 4; lastKnownFileType = sourcecode.c.objc; path = ShareViewController.m; sourceTree = "<group>"; };
		8856625615CB1A130085AC32 /* CDataScanner.h */ = {isa = PBXFileReference; fileEncoding = 4; lastKnownFileType = sourcecode.c.h; path = CDataScanner.h; sourceTree = "<group>"; };
		8856625715CB1A130085AC32 /* CDataScanner.m */ = {isa = PBXFileReference; fileEncoding = 4; lastKnownFileType = sourcecode.c.objc; path = CDataScanner.m; sourceTree = "<group>"; };
		8856625815CB1A130085AC32 /* CJSONDeserializer.h */ = {isa = PBXFileReference; fileEncoding = 4; lastKnownFileType = sourcecode.c.h; path = CJSONDeserializer.h; sourceTree = "<group>"; };
		8856625915CB1A130085AC32 /* CJSONDeserializer.m */ = {isa = PBXFileReference; fileEncoding = 4; lastKnownFileType = sourcecode.c.objc; path = CJSONDeserializer.m; sourceTree = "<group>"; };
		8856625A15CB1A130085AC32 /* CJSONScanner.h */ = {isa = PBXFileReference; fileEncoding = 4; lastKnownFileType = sourcecode.c.h; path = CJSONScanner.h; sourceTree = "<group>"; };
		8856625B15CB1A130085AC32 /* CJSONScanner.m */ = {isa = PBXFileReference; fileEncoding = 4; lastKnownFileType = sourcecode.c.objc; path = CJSONScanner.m; sourceTree = "<group>"; };
		8856625C15CB1A130085AC32 /* CJSONSerializer.h */ = {isa = PBXFileReference; fileEncoding = 4; lastKnownFileType = sourcecode.c.h; path = CJSONSerializer.h; sourceTree = "<group>"; };
		8856625D15CB1A130085AC32 /* CJSONSerializer.m */ = {isa = PBXFileReference; fileEncoding = 4; lastKnownFileType = sourcecode.c.objc; path = CJSONSerializer.m; sourceTree = "<group>"; };
		8856625F15CB1A130085AC32 /* CFilteringJSONSerializer.h */ = {isa = PBXFileReference; fileEncoding = 4; lastKnownFileType = sourcecode.c.h; path = CFilteringJSONSerializer.h; sourceTree = "<group>"; };
		8856626015CB1A130085AC32 /* CFilteringJSONSerializer.m */ = {isa = PBXFileReference; fileEncoding = 4; lastKnownFileType = sourcecode.c.objc; path = CFilteringJSONSerializer.m; sourceTree = "<group>"; };
		8856626115CB1A130085AC32 /* CJSONSerialization.h */ = {isa = PBXFileReference; fileEncoding = 4; lastKnownFileType = sourcecode.c.h; path = CJSONSerialization.h; sourceTree = "<group>"; };
		8856626215CB1A130085AC32 /* CJSONSerialization.m */ = {isa = PBXFileReference; fileEncoding = 4; lastKnownFileType = sourcecode.c.objc; path = CJSONSerialization.m; sourceTree = "<group>"; };
		8856626315CB1A130085AC32 /* CJSONSerializedData.h */ = {isa = PBXFileReference; fileEncoding = 4; lastKnownFileType = sourcecode.c.h; path = CJSONSerializedData.h; sourceTree = "<group>"; };
		8856626415CB1A130085AC32 /* CJSONSerializedData.m */ = {isa = PBXFileReference; fileEncoding = 4; lastKnownFileType = sourcecode.c.objc; path = CJSONSerializedData.m; sourceTree = "<group>"; };
		8856626615CB1A130085AC32 /* CDataScanner_Extensions.h */ = {isa = PBXFileReference; fileEncoding = 4; lastKnownFileType = sourcecode.c.h; path = CDataScanner_Extensions.h; sourceTree = "<group>"; };
		8856626715CB1A130085AC32 /* CDataScanner_Extensions.m */ = {isa = PBXFileReference; fileEncoding = 4; lastKnownFileType = sourcecode.c.objc; path = CDataScanner_Extensions.m; sourceTree = "<group>"; };
		8856626815CB1A130085AC32 /* NSDictionary_JSONExtensions.h */ = {isa = PBXFileReference; fileEncoding = 4; lastKnownFileType = sourcecode.c.h; path = NSDictionary_JSONExtensions.h; sourceTree = "<group>"; };
		8856626915CB1A130085AC32 /* NSDictionary_JSONExtensions.m */ = {isa = PBXFileReference; fileEncoding = 4; lastKnownFileType = sourcecode.c.objc; path = NSDictionary_JSONExtensions.m; sourceTree = "<group>"; };
		8856626A15CB1A130085AC32 /* JSONRepresentation.h */ = {isa = PBXFileReference; fileEncoding = 4; lastKnownFileType = sourcecode.c.h; path = JSONRepresentation.h; sourceTree = "<group>"; };
		8856627515CB1DAF0085AC32 /* FeedItems.h */ = {isa = PBXFileReference; fileEncoding = 4; lastKnownFileType = sourcecode.c.h; path = FeedItems.h; sourceTree = "<group>"; };
		8856627615CB1DAF0085AC32 /* FeedItems.m */ = {isa = PBXFileReference; fileEncoding = 4; lastKnownFileType = sourcecode.c.objc; path = FeedItems.m; sourceTree = "<group>"; };
		8856627B15CC65790085AC32 /* 09-chat-2.png */ = {isa = PBXFileReference; lastKnownFileType = image.png; path = "09-chat-2.png"; sourceTree = "<group>"; };
		885662CC15D190090085AC32 /* AddCommentViewController.h */ = {isa = PBXFileReference; fileEncoding = 4; lastKnownFileType = sourcecode.c.h; path = AddCommentViewController.h; sourceTree = "<group>"; };
		885662CD15D190090085AC32 /* AddCommentViewController.m */ = {isa = PBXFileReference; fileEncoding = 4; lastKnownFileType = sourcecode.c.objc; path = AddCommentViewController.m; sourceTree = "<group>"; };
		8887987515D439E90016D3B3 /* SVStatusHUD.h */ = {isa = PBXFileReference; fileEncoding = 4; lastKnownFileType = sourcecode.c.h; path = SVStatusHUD.h; sourceTree = "<group>"; };
		8887987615D439E90016D3B3 /* SVStatusHUD.m */ = {isa = PBXFileReference; fileEncoding = 4; lastKnownFileType = sourcecode.c.objc; path = SVStatusHUD.m; sourceTree = "<group>"; };
		8887987D15D4C4460016D3B3 /* Reachability.h */ = {isa = PBXFileReference; fileEncoding = 4; lastKnownFileType = sourcecode.c.h; path = Reachability.h; sourceTree = "<group>"; };
		8887987E15D4C4460016D3B3 /* Reachability.m */ = {isa = PBXFileReference; fileEncoding = 4; lastKnownFileType = sourcecode.c.objc; path = Reachability.m; sourceTree = "<group>"; };
		8887988015D4C5210016D3B3 /* CFNetwork.framework */ = {isa = PBXFileReference; lastKnownFileType = wrapper.framework; name = CFNetwork.framework; path = System/Library/Frameworks/CFNetwork.framework; sourceTree = SDKROOT; };
		8887988215D4C54C0016D3B3 /* SystemConfiguration.framework */ = {isa = PBXFileReference; lastKnownFileType = wrapper.framework; name = SystemConfiguration.framework; path = System/Library/Frameworks/SystemConfiguration.framework; sourceTree = SDKROOT; };
		8887988415D4D0720016D3B3 /* 41-picture-frame.png */ = {isa = PBXFileReference; lastKnownFileType = image.png; path = "41-picture-frame.png"; sourceTree = "<group>"; };
		8887988515D4D0720016D3B3 /* 179-notepad.png */ = {isa = PBXFileReference; lastKnownFileType = image.png; path = "179-notepad.png"; sourceTree = "<group>"; };
		888C7B7B15C1BAF600A78E87 /* ODRefreshControl.h */ = {isa = PBXFileReference; fileEncoding = 4; lastKnownFileType = sourcecode.c.h; path = ODRefreshControl.h; sourceTree = "<group>"; };
		888C7B7C15C1BAF600A78E87 /* ODRefreshControl.m */ = {isa = PBXFileReference; fileEncoding = 4; lastKnownFileType = sourcecode.c.objc; path = ODRefreshControl.m; sourceTree = "<group>"; };
		888C7B7E15C1BB2200A78E87 /* QuartzCore.framework */ = {isa = PBXFileReference; lastKnownFileType = wrapper.framework; name = QuartzCore.framework; path = System/Library/Frameworks/QuartzCore.framework; sourceTree = SDKROOT; };
		888D4B9D15C86E3300F0C3EF /* TMQuiltView.xcodeproj */ = {isa = PBXFileReference; lastKnownFileType = "wrapper.pb-project"; name = TMQuiltView.xcodeproj; path = CollectorSocialNetwork/TMQuiltView/TMQuiltView.xcodeproj; sourceTree = "<group>"; };
		888D4BAB15C870E000F0C3EF /* TMQuiltView.h */ = {isa = PBXFileReference; fileEncoding = 4; lastKnownFileType = sourcecode.c.h; name = TMQuiltView.h; path = TMQuiltView/TMQuiltView/TMQuiltView.h; sourceTree = "<group>"; };
		888D4BAD15C872EF00F0C3EF /* TMPhotoQuiltViewCell.h */ = {isa = PBXFileReference; fileEncoding = 4; lastKnownFileType = sourcecode.c.h; path = TMPhotoQuiltViewCell.h; sourceTree = "<group>"; };
		888D4BAE15C872EF00F0C3EF /* TMPhotoQuiltViewCell.m */ = {isa = PBXFileReference; fileEncoding = 4; lastKnownFileType = sourcecode.c.objc; path = TMPhotoQuiltViewCell.m; sourceTree = "<group>"; };
/* End PBXFileReference section */

/* Begin PBXFrameworksBuildPhase section */
		76D9037715BF8A90000FDAFB /* Frameworks */ = {
			isa = PBXFrameworksBuildPhase;
			buildActionMask = 2147483647;
			files = (
				8887988315D4C54C0016D3B3 /* SystemConfiguration.framework in Frameworks */,
				8887988115D4C5210016D3B3 /* CFNetwork.framework in Frameworks */,
				888D4BAA15C86EFD00F0C3EF /* libTMQuiltView.a in Frameworks */,
				888C7B7F15C1BB2200A78E87 /* QuartzCore.framework in Frameworks */,
				76D9037F15BF8A90000FDAFB /* UIKit.framework in Frameworks */,
				76D9038115BF8A90000FDAFB /* Foundation.framework in Frameworks */,
				76D9038315BF8A90000FDAFB /* CoreGraphics.framework in Frameworks */,
			);
			runOnlyForDeploymentPostprocessing = 0;
		};
/* End PBXFrameworksBuildPhase section */

/* Begin PBXGroup section */
		76D9036F15BF8A90000FDAFB = {
			isa = PBXGroup;
			children = (
				8887988215D4C54C0016D3B3 /* SystemConfiguration.framework */,
				8887988015D4C5210016D3B3 /* CFNetwork.framework */,
				888D4B9D15C86E3300F0C3EF /* TMQuiltView.xcodeproj */,
				888C7B7E15C1BB2200A78E87 /* QuartzCore.framework */,
				76D9038415BF8A90000FDAFB /* CollectorSocialNetwork */,
				76D9037D15BF8A90000FDAFB /* Frameworks */,
				76D9037B15BF8A90000FDAFB /* Products */,
			);
			sourceTree = "<group>";
		};
		76D9037B15BF8A90000FDAFB /* Products */ = {
			isa = PBXGroup;
			children = (
				76D9037A15BF8A90000FDAFB /* CollectorSocialNetwork.app */,
			);
			name = Products;
			sourceTree = "<group>";
		};
		76D9037D15BF8A90000FDAFB /* Frameworks */ = {
			isa = PBXGroup;
			children = (
				76D9037E15BF8A90000FDAFB /* UIKit.framework */,
				76D9038015BF8A90000FDAFB /* Foundation.framework */,
				76D9038215BF8A90000FDAFB /* CoreGraphics.framework */,
			);
			name = Frameworks;
			sourceTree = "<group>";
		};
		76D9038415BF8A90000FDAFB /* CollectorSocialNetwork */ = {
			isa = PBXGroup;
			children = (
				8887987C15D4C4460016D3B3 /* Reachability */,
				8887987415D439E90016D3B3 /* SVStatusHUB */,
				8856627415CB1D980085AC32 /* Model */,
				8856625515CB1A130085AC32 /* JSON */,
				888D4BAC15C872EF00F0C3EF /* Quilt */,
				885167ED15C3301E00AC91F3 /* Utils */,
				888C7B7A15C1BAF600A78E87 /* ODRefreshControl */,
				76D903AC15BF8F6B000FDAFB /* Resources */,
				76D9038D15BF8A90000FDAFB /* AppDelegate.h */,
				76D9038E15BF8A90000FDAFB /* AppDelegate.m */,
				76D9039015BF8A90000FDAFB /* MainStoryboard_iPhone.storyboard */,
				76D9039315BF8A90000FDAFB /* MainStoryboard_iPad.storyboard */,
				76D9039615BF8A90000FDAFB /* FeedViewController.h */,
				76D9039715BF8A90000FDAFB /* FeedViewController.m */,
				767C9C9315CE278800AA87B4 /* DetailFeedViewController.h */,
				767C9C9415CE278800AA87B4 /* DetailFeedViewController.m */,
				885662CC15D190090085AC32 /* AddCommentViewController.h */,
				885662CD15D190090085AC32 /* AddCommentViewController.m */,
				7690DF7515D9FA64006E7831 /* CommentsViewController.h */,
				7690DF7615D9FA64006E7831 /* CommentsViewController.m */,
				76D9039915BF8A90000FDAFB /* first.png */,
				76D9039B15BF8A90000FDAFB /* first@2x.png */,
				76D9039D15BF8A90000FDAFB /* SettingsViewController.h */,
				76D9039E15BF8A90000FDAFB /* SettingsViewController.m */,
				76D903A015BF8A90000FDAFB /* second.png */,
				76D903A215BF8A90000FDAFB /* second@2x.png */,
				76D9038515BF8A90000FDAFB /* Supporting Files */,
				76D903A915BF8E61000FDAFB /* HelpViewController.h */,
				76D903AA15BF8E61000FDAFB /* HelpViewController.m */,
				8820720615C08EC10090075C /* AccountViewController.h */,
				8820720715C08EC10090075C /* AccountViewController.m */,
				885167E115C1E28300AC91F3 /* TakePictureViewController.h */,
				885167E215C1E28300AC91F3 /* TakePictureViewController.m */,
				885167E615C1ED9900AC91F3 /* SelectPictureViewController.h */,
				885167E715C1ED9900AC91F3 /* SelectPictureViewController.m */,
				885167F215C3470B00AC91F3 /* ShareViewController.h */,
				885167F315C3470B00AC91F3 /* ShareViewController.m */,
			);
			path = CollectorSocialNetwork;
			sourceTree = "<group>";
		};
		76D9038515BF8A90000FDAFB /* Supporting Files */ = {
			isa = PBXGroup;
			children = (
				76D9038615BF8A90000FDAFB /* CollectorSocialNetwork-Info.plist */,
				76D9038715BF8A90000FDAFB /* InfoPlist.strings */,
				76D9038A15BF8A90000FDAFB /* main.m */,
				76D9038C15BF8A90000FDAFB /* CollectorSocialNetwork-Prefix.pch */,
			);
			name = "Supporting Files";
			sourceTree = "<group>";
		};
		76D903AC15BF8F6B000FDAFB /* Resources */ = {
			isa = PBXGroup;
			children = (
				8887988415D4D0720016D3B3 /* 41-picture-frame.png */,
				8887988515D4D0720016D3B3 /* 179-notepad.png */,
				8856627B15CC65790085AC32 /* 09-chat-2.png */,
				885167DF15C1DF4500AC91F3 /* camera-icon-md.png */,
				885167CD15C1D30300AC91F3 /* AppIcons */,
				76D903BF15BF902C000FDAFB /* Icons */,
				76D903AD15BF8F6B000FDAFB /* baby-blue-solid.jpg */,
				76D903AE15BF8F6B000FDAFB /* blackwallpaper.jpeg */,
				76D903B015BF8F6B000FDAFB /* GradientFill.png */,
				76D903B115BF8F6B000FDAFB /* lake.jpg */,
				76D903B215BF8F6B000FDAFB /* MovieTransportBackground.png */,
				76D903B315BF8F6B000FDAFB /* raindrops.jpg */,
				76D903B415BF8F6B000FDAFB /* redgradient.jpg */,
				76D903B515BF8F6B000FDAFB /* UITableSelection.png */,
			);
			path = Resources;
			sourceTree = "<group>";
		};
		76D903BF15BF902C000FDAFB /* Icons */ = {
			isa = PBXGroup;
			children = (
				885167E415C1E6E600AC91F3 /* 86-camera.png */,
				76D903C815BF91D2000FDAFB /* 53-house.png */,
				76D903C215BF9167000FDAFB /* 001_04.png */,
				76D903C315BF9167000FDAFB /* 20-gear2.png */,
				76D903C415BF9167000FDAFB /* 90-life-buoy.png */,
				76D903C015BF902C000FDAFB /* 001_20.png */,
			);
			path = Icons;
			sourceTree = "<group>";
		};
		885167CD15C1D30300AC91F3 /* AppIcons */ = {
			isa = PBXGroup;
			children = (
				885167CE15C1D30300AC91F3 /* birdwatching.png */,
				885167CF15C1D30300AC91F3 /* default.png */,
				885167D015C1D30300AC91F3 /* default512.png */,
				885167D115C1D30300AC91F3 /* Icon-72.png */,
				885167D215C1D30300AC91F3 /* Icon-Small@2x.png */,
				885167D315C1D30300AC91F3 /* Icon.png */,
				885167D415C1D30300AC91F3 /* Icon@2x.png */,
			);
			path = AppIcons;
			sourceTree = "<group>";
		};
		885167ED15C3301E00AC91F3 /* Utils */ = {
			isa = PBXGroup;
			children = (
				769337AC15CA27E1006B0947 /* JFUrlUtil.h */,
				769337AD15CA27E1006B0947 /* JFUrlUtil.m */,
				888D4BAB15C870E000F0C3EF /* TMQuiltView.h */,
				885167EF15C3304900AC91F3 /* UtilsClass.h */,
				885167F015C3304900AC91F3 /* UtilsClass.m */,
				884B14F315E572960030A2ED /* ServerRestUrl.h */,
				884B14F415E572960030A2ED /* ServerRestUrl.m */,
			);
			name = Utils;
			sourceTree = "<group>";
		};
		8856625515CB1A130085AC32 /* JSON */ = {
			isa = PBXGroup;
			children = (
				8856625615CB1A130085AC32 /* CDataScanner.h */,
				8856625715CB1A130085AC32 /* CDataScanner.m */,
				8856625815CB1A130085AC32 /* CJSONDeserializer.h */,
				8856625915CB1A130085AC32 /* CJSONDeserializer.m */,
				8856625A15CB1A130085AC32 /* CJSONScanner.h */,
				8856625B15CB1A130085AC32 /* CJSONScanner.m */,
				8856625C15CB1A130085AC32 /* CJSONSerializer.h */,
				8856625D15CB1A130085AC32 /* CJSONSerializer.m */,
				8856625E15CB1A130085AC32 /* Experimental */,
				8856626515CB1A130085AC32 /* Extensions */,
				8856626A15CB1A130085AC32 /* JSONRepresentation.h */,
			);
			path = JSON;
			sourceTree = "<group>";
		};
		8856625E15CB1A130085AC32 /* Experimental */ = {
			isa = PBXGroup;
			children = (
				8856625F15CB1A130085AC32 /* CFilteringJSONSerializer.h */,
				8856626015CB1A130085AC32 /* CFilteringJSONSerializer.m */,
				8856626115CB1A130085AC32 /* CJSONSerialization.h */,
				8856626215CB1A130085AC32 /* CJSONSerialization.m */,
				8856626315CB1A130085AC32 /* CJSONSerializedData.h */,
				8856626415CB1A130085AC32 /* CJSONSerializedData.m */,
			);
			path = Experimental;
			sourceTree = "<group>";
		};
		8856626515CB1A130085AC32 /* Extensions */ = {
			isa = PBXGroup;
			children = (
				8856626615CB1A130085AC32 /* CDataScanner_Extensions.h */,
				8856626715CB1A130085AC32 /* CDataScanner_Extensions.m */,
				8856626815CB1A130085AC32 /* NSDictionary_JSONExtensions.h */,
				8856626915CB1A130085AC32 /* NSDictionary_JSONExtensions.m */,
			);
			path = Extensions;
			sourceTree = "<group>";
		};
		8856627415CB1D980085AC32 /* Model */ = {
			isa = PBXGroup;
			children = (
				8856627515CB1DAF0085AC32 /* FeedItems.h */,
				8856627615CB1DAF0085AC32 /* FeedItems.m */,
				884B149415DAFBD90030A2ED /* CommentItems.h */,
				884B149515DAFBD90030A2ED /* CommentItems.m */,
			);
			path = Model;
			sourceTree = "<group>";
		};
		8887987415D439E90016D3B3 /* SVStatusHUB */ = {
			isa = PBXGroup;
			children = (
				8887987515D439E90016D3B3 /* SVStatusHUD.h */,
				8887987615D439E90016D3B3 /* SVStatusHUD.m */,
			);
			name = SVStatusHUB;
			path = SVStatusHUD;
			sourceTree = "<group>";
		};
		8887987C15D4C4460016D3B3 /* Reachability */ = {
			isa = PBXGroup;
			children = (
				8887987D15D4C4460016D3B3 /* Reachability.h */,
				8887987E15D4C4460016D3B3 /* Reachability.m */,
			);
			path = Reachability;
			sourceTree = "<group>";
		};
		888C7B7A15C1BAF600A78E87 /* ODRefreshControl */ = {
			isa = PBXGroup;
			children = (
				888C7B7B15C1BAF600A78E87 /* ODRefreshControl.h */,
				888C7B7C15C1BAF600A78E87 /* ODRefreshControl.m */,
			);
			path = ODRefreshControl;
			sourceTree = "<group>";
		};
		888D4B9E15C86E3300F0C3EF /* Products */ = {
			isa = PBXGroup;
			children = (
				888D4BA715C86E3400F0C3EF /* libTMQuiltView.a */,
				888D4BA915C86E3400F0C3EF /* TMQuiltViewTests.app */,
			);
			name = Products;
			sourceTree = "<group>";
		};
		888D4BAC15C872EF00F0C3EF /* Quilt */ = {
			isa = PBXGroup;
			children = (
				888D4BAD15C872EF00F0C3EF /* TMPhotoQuiltViewCell.h */,
				888D4BAE15C872EF00F0C3EF /* TMPhotoQuiltViewCell.m */,
			);
			path = Quilt;
			sourceTree = "<group>";
		};
/* End PBXGroup section */

/* Begin PBXNativeTarget section */
		76D9037915BF8A90000FDAFB /* CollectorSocialNetwork */ = {
			isa = PBXNativeTarget;
			buildConfigurationList = 76D903A615BF8A90000FDAFB /* Build configuration list for PBXNativeTarget "CollectorSocialNetwork" */;
			buildPhases = (
				76D9037615BF8A90000FDAFB /* Sources */,
				76D9037715BF8A90000FDAFB /* Frameworks */,
				76D9037815BF8A90000FDAFB /* Resources */,
			);
			buildRules = (
			);
			dependencies = (
			);
			name = CollectorSocialNetwork;
			productName = CollectorSocialNetwork;
			productReference = 76D9037A15BF8A90000FDAFB /* CollectorSocialNetwork.app */;
			productType = "com.apple.product-type.application";
		};
/* End PBXNativeTarget section */

/* Begin PBXProject section */
		76D9037115BF8A90000FDAFB /* Project object */ = {
			isa = PBXProject;
			attributes = {
				LastUpgradeCheck = 0430;
			};
			buildConfigurationList = 76D9037415BF8A90000FDAFB /* Build configuration list for PBXProject "CollectorSocialNetwork" */;
			compatibilityVersion = "Xcode 3.2";
			developmentRegion = English;
			hasScannedForEncodings = 0;
			knownRegions = (
				en,
			);
			mainGroup = 76D9036F15BF8A90000FDAFB;
			productRefGroup = 76D9037B15BF8A90000FDAFB /* Products */;
			projectDirPath = "";
			projectReferences = (
				{
					ProductGroup = 888D4B9E15C86E3300F0C3EF /* Products */;
					ProjectRef = 888D4B9D15C86E3300F0C3EF /* TMQuiltView.xcodeproj */;
				},
			);
			projectRoot = "";
			targets = (
				76D9037915BF8A90000FDAFB /* CollectorSocialNetwork */,
			);
		};
/* End PBXProject section */

/* Begin PBXReferenceProxy section */
		888D4BA715C86E3400F0C3EF /* libTMQuiltView.a */ = {
			isa = PBXReferenceProxy;
			fileType = archive.ar;
			path = libTMQuiltView.a;
			remoteRef = 888D4BA615C86E3400F0C3EF /* PBXContainerItemProxy */;
			sourceTree = BUILT_PRODUCTS_DIR;
		};
		888D4BA915C86E3400F0C3EF /* TMQuiltViewTests.app */ = {
			isa = PBXReferenceProxy;
			fileType = wrapper.application;
			path = TMQuiltViewTests.app;
			remoteRef = 888D4BA815C86E3400F0C3EF /* PBXContainerItemProxy */;
			sourceTree = BUILT_PRODUCTS_DIR;
		};
/* End PBXReferenceProxy section */

/* Begin PBXResourcesBuildPhase section */
		76D9037815BF8A90000FDAFB /* Resources */ = {
			isa = PBXResourcesBuildPhase;
			buildActionMask = 2147483647;
			files = (
				76D9038915BF8A90000FDAFB /* InfoPlist.strings in Resources */,
				76D9039215BF8A90000FDAFB /* MainStoryboard_iPhone.storyboard in Resources */,
				76D9039515BF8A90000FDAFB /* MainStoryboard_iPad.storyboard in Resources */,
				76D9039A15BF8A90000FDAFB /* first.png in Resources */,
				76D9039C15BF8A90000FDAFB /* first@2x.png in Resources */,
				76D903A115BF8A90000FDAFB /* second.png in Resources */,
				76D903A315BF8A90000FDAFB /* second@2x.png in Resources */,
				76D903B615BF8F6B000FDAFB /* baby-blue-solid.jpg in Resources */,
				76D903B715BF8F6B000FDAFB /* blackwallpaper.jpeg in Resources */,
				76D903B915BF8F6B000FDAFB /* GradientFill.png in Resources */,
				76D903BA15BF8F6B000FDAFB /* lake.jpg in Resources */,
				76D903BB15BF8F6B000FDAFB /* MovieTransportBackground.png in Resources */,
				76D903BC15BF8F6B000FDAFB /* raindrops.jpg in Resources */,
				76D903BD15BF8F6B000FDAFB /* redgradient.jpg in Resources */,
				76D903BE15BF8F6B000FDAFB /* UITableSelection.png in Resources */,
				76D903C115BF902C000FDAFB /* 001_20.png in Resources */,
				76D903C515BF9167000FDAFB /* 001_04.png in Resources */,
				76D903C615BF9167000FDAFB /* 20-gear2.png in Resources */,
				76D903C715BF9167000FDAFB /* 90-life-buoy.png in Resources */,
				76D903C915BF91D2000FDAFB /* 53-house.png in Resources */,
				885167D515C1D30300AC91F3 /* birdwatching.png in Resources */,
				885167D615C1D30300AC91F3 /* default.png in Resources */,
				885167D715C1D30300AC91F3 /* default512.png in Resources */,
				885167D815C1D30300AC91F3 /* Icon-72.png in Resources */,
				885167D915C1D30300AC91F3 /* Icon-Small@2x.png in Resources */,
				885167DA15C1D30300AC91F3 /* Icon.png in Resources */,
				885167DB15C1D30300AC91F3 /* Icon@2x.png in Resources */,
				885167E015C1DF4500AC91F3 /* camera-icon-md.png in Resources */,
				885167E515C1E6E600AC91F3 /* 86-camera.png in Resources */,
				8856627C15CC65790085AC32 /* 09-chat-2.png in Resources */,
				8887988615D4D0720016D3B3 /* 41-picture-frame.png in Resources */,
				8887988715D4D0720016D3B3 /* 179-notepad.png in Resources */,
			);
			runOnlyForDeploymentPostprocessing = 0;
		};
/* End PBXResourcesBuildPhase section */

/* Begin PBXSourcesBuildPhase section */
		76D9037615BF8A90000FDAFB /* Sources */ = {
			isa = PBXSourcesBuildPhase;
			buildActionMask = 2147483647;
			files = (
				76D9038B15BF8A90000FDAFB /* main.m in Sources */,
				76D9038F15BF8A90000FDAFB /* AppDelegate.m in Sources */,
				76D9039815BF8A90000FDAFB /* FeedViewController.m in Sources */,
				76D9039F15BF8A90000FDAFB /* SettingsViewController.m in Sources */,
				76D903AB15BF8E61000FDAFB /* HelpViewController.m in Sources */,
				8820720815C08EC10090075C /* AccountViewController.m in Sources */,
				888C7B7D15C1BAF600A78E87 /* ODRefreshControl.m in Sources */,
				885167E315C1E28300AC91F3 /* TakePictureViewController.m in Sources */,
				885167E815C1ED9900AC91F3 /* SelectPictureViewController.m in Sources */,
				885167F115C3304900AC91F3 /* UtilsClass.m in Sources */,
				885167F415C3470B00AC91F3 /* ShareViewController.m in Sources */,
				888D4BAF15C872EF00F0C3EF /* TMPhotoQuiltViewCell.m in Sources */,
				769337AE15CA27E1006B0947 /* JFUrlUtil.m in Sources */,
				8856626B15CB1A130085AC32 /* CDataScanner.m in Sources */,
				8856626C15CB1A130085AC32 /* CJSONDeserializer.m in Sources */,
				8856626D15CB1A130085AC32 /* CJSONScanner.m in Sources */,
				8856626E15CB1A130085AC32 /* CJSONSerializer.m in Sources */,
				8856626F15CB1A130085AC32 /* CFilteringJSONSerializer.m in Sources */,
				8856627015CB1A130085AC32 /* CJSONSerialization.m in Sources */,
				8856627115CB1A130085AC32 /* CJSONSerializedData.m in Sources */,
				8856627215CB1A130085AC32 /* CDataScanner_Extensions.m in Sources */,
				8856627315CB1A130085AC32 /* NSDictionary_JSONExtensions.m in Sources */,
				8856627715CB1DAF0085AC32 /* FeedItems.m in Sources */,
				767C9C9515CE278800AA87B4 /* DetailFeedViewController.m in Sources */,
				885662CE15D190090085AC32 /* AddCommentViewController.m in Sources */,
				8887987715D439E90016D3B3 /* SVStatusHUD.m in Sources */,
				8887987F15D4C4460016D3B3 /* Reachability.m in Sources */,
				7690DF7715D9FA64006E7831 /* CommentsViewController.m in Sources */,
				884B149615DAFBD90030A2ED /* CommentItems.m in Sources */,
				884B14F515E572960030A2ED /* ServerRestUrl.m in Sources */,
			);
			runOnlyForDeploymentPostprocessing = 0;
		};
/* End PBXSourcesBuildPhase section */

/* Begin PBXVariantGroup section */
		76D9038715BF8A90000FDAFB /* InfoPlist.strings */ = {
			isa = PBXVariantGroup;
			children = (
				76D9038815BF8A90000FDAFB /* en */,
			);
			name = InfoPlist.strings;
			sourceTree = "<group>";
		};
		76D9039015BF8A90000FDAFB /* MainStoryboard_iPhone.storyboard */ = {
			isa = PBXVariantGroup;
			children = (
				76D9039115BF8A90000FDAFB /* en */,
			);
			name = MainStoryboard_iPhone.storyboard;
			sourceTree = "<group>";
		};
		76D9039315BF8A90000FDAFB /* MainStoryboard_iPad.storyboard */ = {
			isa = PBXVariantGroup;
			children = (
				76D9039415BF8A90000FDAFB /* en */,
			);
			name = MainStoryboard_iPad.storyboard;
			sourceTree = "<group>";
		};
/* End PBXVariantGroup section */

/* Begin XCBuildConfiguration section */
		76D903A415BF8A90000FDAFB /* Debug */ = {
			isa = XCBuildConfiguration;
			buildSettings = {
				ALWAYS_SEARCH_USER_PATHS = NO;
				ARCHS = "$(ARCHS_STANDARD_32_BIT)";
				CLANG_ENABLE_OBJC_ARC = YES;
				"CODE_SIGN_IDENTITY[sdk=iphoneos*]" = "iPhone Developer";
				COPY_PHASE_STRIP = NO;
				GCC_C_LANGUAGE_STANDARD = gnu99;
				GCC_DYNAMIC_NO_PIC = NO;
				GCC_OPTIMIZATION_LEVEL = 0;
				GCC_PREPROCESSOR_DEFINITIONS = (
					"DEBUG=1",
					"$(inherited)",
				);
				GCC_SYMBOLS_PRIVATE_EXTERN = NO;
				GCC_VERSION = com.apple.compilers.llvm.clang.1_0;
				GCC_WARN_ABOUT_RETURN_TYPE = YES;
				GCC_WARN_UNINITIALIZED_AUTOS = YES;
				GCC_WARN_UNUSED_VARIABLE = YES;
				IPHONEOS_DEPLOYMENT_TARGET = 5.1;
				SDKROOT = iphoneos;
				TARGETED_DEVICE_FAMILY = "1,2";
			};
			name = Debug;
		};
		76D903A515BF8A90000FDAFB /* Release */ = {
			isa = XCBuildConfiguration;
			buildSettings = {
				ALWAYS_SEARCH_USER_PATHS = NO;
				ARCHS = "$(ARCHS_STANDARD_32_BIT)";
				CLANG_ENABLE_OBJC_ARC = YES;
				"CODE_SIGN_IDENTITY[sdk=iphoneos*]" = "iPhone Developer";
				COPY_PHASE_STRIP = YES;
				GCC_C_LANGUAGE_STANDARD = gnu99;
				GCC_VERSION = com.apple.compilers.llvm.clang.1_0;
				GCC_WARN_ABOUT_RETURN_TYPE = YES;
				GCC_WARN_UNINITIALIZED_AUTOS = YES;
				GCC_WARN_UNUSED_VARIABLE = YES;
				IPHONEOS_DEPLOYMENT_TARGET = 5.1;
				OTHER_CFLAGS = "-DNS_BLOCK_ASSERTIONS=1";
				SDKROOT = iphoneos;
				TARGETED_DEVICE_FAMILY = "1,2";
				VALIDATE_PRODUCT = YES;
			};
			name = Release;
		};
		76D903A715BF8A90000FDAFB /* Debug */ = {
			isa = XCBuildConfiguration;
			buildSettings = {
				GCC_PRECOMPILE_PREFIX_HEADER = YES;
				GCC_PREFIX_HEADER = "CollectorSocialNetwork/CollectorSocialNetwork-Prefix.pch";
				INFOPLIST_FILE = "CollectorSocialNetwork/CollectorSocialNetwork-Info.plist";
				IPHONEOS_DEPLOYMENT_TARGET = 5.0;
				LIBRARY_SEARCH_PATHS = (
					"$(inherited)",
					"\"$(SRCROOT)/CollectorSocialNetwork/Libraries/iphoneos\"",
					"\"$(SRCROOT)/CollectorSocialNetwork/Libraries/iphonesimulator\"",
				);
				PRODUCT_NAME = "$(TARGET_NAME)";
				TARGETED_DEVICE_FAMILY = 1;
				WRAPPER_EXTENSION = app;
			};
			name = Debug;
		};
		76D903A815BF8A90000FDAFB /* Release */ = {
			isa = XCBuildConfiguration;
			buildSettings = {
				GCC_PRECOMPILE_PREFIX_HEADER = YES;
				GCC_PREFIX_HEADER = "CollectorSocialNetwork/CollectorSocialNetwork-Prefix.pch";
				INFOPLIST_FILE = "CollectorSocialNetwork/CollectorSocialNetwork-Info.plist";
				IPHONEOS_DEPLOYMENT_TARGET = 5.0;
				LIBRARY_SEARCH_PATHS = (
					"$(inherited)",
					"\"$(SRCROOT)/CollectorSocialNetwork/Libraries/iphoneos\"",
					"\"$(SRCROOT)/CollectorSocialNetwork/Libraries/iphonesimulator\"",
				);
				PRODUCT_NAME = "$(TARGET_NAME)";
				TARGETED_DEVICE_FAMILY = 1;
				WRAPPER_EXTENSION = app;
			};
			name = Release;
		};
/* End XCBuildConfiguration section */

/* Begin XCConfigurationList section */
		76D9037415BF8A90000FDAFB /* Build configuration list for PBXProject "CollectorSocialNetwork" */ = {
			isa = XCConfigurationList;
			buildConfigurations = (
				76D903A415BF8A90000FDAFB /* Debug */,
				76D903A515BF8A90000FDAFB /* Release */,
			);
			defaultConfigurationIsVisible = 0;
			defaultConfigurationName = Release;
		};
		76D903A615BF8A90000FDAFB /* Build configuration list for PBXNativeTarget "CollectorSocialNetwork" */ = {
			isa = XCConfigurationList;
			buildConfigurations = (
				76D903A715BF8A90000FDAFB /* Debug */,
				76D903A815BF8A90000FDAFB /* Release */,
			);
			defaultConfigurationIsVisible = 0;
			defaultConfigurationName = Release;
		};
/* End XCConfigurationList section */
	};
	rootObject = 76D9037115BF8A90000FDAFB /* Project object */;
}
